
Microsoft Visual Studio Solution File, Format Version 12.00
# Visual Studio Version 17
VisualStudioVersion = 17.12.35527.113
MinimumVisualStudioVersion = 10.0.40219.1
Project("{2150E333-8FDC-42A3-9474-1A3956D46DE8}") = "01 - Presentation", "01 - Presentation", "{D7355464-6CA1-4475-ADF7-AA3B30A316A3}"
EndProject
Project("{2150E333-8FDC-42A3-9474-1A3956D46DE8}") = "02 - Core", "02 - Core", "{8063C058-68A8-4700-A6A0-B676C7CF3310}"
EndProject
Project("{2150E333-8FDC-42A3-9474-1A3956D46DE8}") = "03 - Infra", "03 - Infra", "{26C51A3F-0826-4791-BFE6-32A3DC49AB34}"
EndProject
Project("{2150E333-8FDC-42A3-9474-1A3956D46DE8}") = "98 - Tests", "98 - Tests", "{911CAC9C-F16B-4697-A391-D8618F0A4AE9}"
EndProject
Project("{FAE04EC0-301F-11D3-BF4B-00C04F79EFBC}") = "RSF.AgendamentoConsultas.Core.Domain", "src\RSF.AgendamentoConsultas.Core.Domain\RSF.AgendamentoConsultas.Core.Domain.csproj", "{35DBB00D-2528-4497-8071-6430F8348174}"
EndProject
Project("{FAE04EC0-301F-11D3-BF4B-00C04F79EFBC}") = "RSF.AgendamentoConsultas.Core.Application", "src\RSF.AgendamentoConsultas.Core.Application\RSF.AgendamentoConsultas.Core.Application.csproj", "{D9EA27D6-4A17-466E-891D-331B7189097E}"
EndProject
Project("{FAE04EC0-301F-11D3-BF4B-00C04F79EFBC}") = "RSF.AgendamentoConsultas.Infra.Data", "src\RSF.AgendamentoConsultas.Infra.Data\RSF.AgendamentoConsultas.Infra.Data.csproj", "{5C85E277-499F-43E6-9BFB-9B560DB15EC8}"
EndProject
Project("{FAE04EC0-301F-11D3-BF4B-00C04F79EFBC}") = "RSF.AgendamentoConsultas.Api", "src\RSF.AgendamentoConsultas.Api\RSF.AgendamentoConsultas.Api.csproj", "{7DB7570D-37E9-41AF-B341-79AFC9DF52D7}"
EndProject
Project("{2150E333-8FDC-42A3-9474-1A3956D46DE8}") = "Solution Items", "Solution Items", "{29D98D09-DEC9-4A94-8AC3-73FB0B6972FB}"
	ProjectSection(SolutionItems) = preProject
		.dockerignore = .dockerignore
		.editorconfig = .editorconfig
		.gitignore = .gitignore
		README.md = README.md
	EndProjectSection
EndProject
Project("{2150E333-8FDC-42A3-9474-1A3956D46DE8}") = "04 - CrossCutting", "04 - CrossCutting", "{CC1B6233-F76F-4A0A-84F1-26A2FCC6DF2D}"
EndProject
Project("{FAE04EC0-301F-11D3-BF4B-00C04F79EFBC}") = "RSF.AgendamentoConsultas.CrossCutting.IoC", "src\RSF.AgendamentoConsultas.CrossCutting.IoC\RSF.AgendamentoConsultas.CrossCutting.IoC.csproj", "{1DD94646-3A65-4271-8B05-D2C2B3041654}"
EndProject
Project("{FAE04EC0-301F-11D3-BF4B-00C04F79EFBC}") = "RSF.AgendamentoConsultas.CrossCutting.Shareable", "src\RSF.AgendamentoConsultas.CrossCutting.Shareable\RSF.AgendamentoConsultas.CrossCutting.Shareable.csproj", "{B6065314-045E-4E7F-BF42-D6E23C4550EE}"
EndProject
Project("{FAE04EC0-301F-11D3-BF4B-00C04F79EFBC}") = "RSF.AgendamentoConsultas.Infra.MessageBroker", "src\RSF.AgendamentoConsultas.Infra.MessageBroker\RSF.AgendamentoConsultas.Infra.MessageBroker.csproj", "{F6DB516C-89FD-430B-874C-ED7E25482E92}"
EndProject
Project("{2150E333-8FDC-42A3-9474-1A3956D46DE8}") = "05 - Consumers", "05 - Consumers", "{F5563E86-F35D-413F-A733-9284C699F4A8}"
EndProject
Project("{FAE04EC0-301F-11D3-BF4B-00C04F79EFBC}") = "RSF.AgendamentoConsultas.Infra.Notifications", "src\RSF.AgendamentoConsultas.Infra.Notifications\RSF.AgendamentoConsultas.Infra.Notifications.csproj", "{605EF85F-E2A7-4F02-90EB-072529144D73}"
EndProject
Project("{FAE04EC0-301F-11D3-BF4B-00C04F79EFBC}") = "RSF.AgendamentoConsultas.Consumers.Notification", "src\RSF.AgendamentoConsultas.Consumers.Notification\RSF.AgendamentoConsultas.Consumers.Notification.csproj", "{3ECDD2D8-4BDD-440F-87F0-B02C760CD7DA}"
EndProject
Project("{2150E333-8FDC-42A3-9474-1A3956D46DE8}") = "06 - Workers", "06 - Workers", "{522D3DD7-5D3C-4864-882F-F1F35FAC6B2E}"
EndProject
Project("{FAE04EC0-301F-11D3-BF4B-00C04F79EFBC}") = "RSF.AgendamentoConsultas.Workers.AgendamentosExpirados", "src\RSF.AgendamentoConsultas.Workers.AgendamentosExpirados\RSF.AgendamentoConsultas.Workers.AgendamentosExpirados.csproj", "{19A49FFF-5678-4F3B-A6D0-C24DB0A0ED9D}"
EndProject
Project("{FAE04EC0-301F-11D3-BF4B-00C04F79EFBC}") = "RSF.AgendamentoConsultas.Infra.Identity", "src\RSF.AgendamentoConsultas.Infra.Identity\RSF.AgendamentoConsultas.Infra.Identity.csproj", "{11BD100A-44C5-406A-810C-AB94FF613B45}"
EndProject
Project("{FAE04EC0-301F-11D3-BF4B-00C04F79EFBC}") = "RSF.AgendamentoConsultas.Infra.Data.Tests", "test\RSF.AgendamentoConsultas.Infra.Data.Tests\RSF.AgendamentoConsultas.Infra.Data.Tests.csproj", "{331DACF4-7EE9-4F92-9FBA-F0467518AAC8}"
EndProject
Project("{FAE04EC0-301F-11D3-BF4B-00C04F79EFBC}") = "RSF.AgendamentoConsultas.Core.Domain.Tests", "test\RSF.AgendamentoConsultas.Core.Domain.Tests\RSF.AgendamentoConsultas.Core.Domain.Tests.csproj", "{FA6F4E5D-ECE1-4877-8064-3E685D3BCC7A}"
EndProject
Project("{FAE04EC0-301F-11D3-BF4B-00C04F79EFBC}") = "RSF.AgendamentoConsultas.Core.Application.Tests", "test\RSF.AgendamentoConsultas.Core.Application.Tests\RSF.AgendamentoConsultas.Core.Application.Tests.csproj", "{BC5B23C9-F3EC-47D5-9455-5B5C506CDC24}"
EndProject
Global
	GlobalSection(SolutionConfigurationPlatforms) = preSolution
		Debug|Any CPU = Debug|Any CPU
		Release|Any CPU = Release|Any CPU
	EndGlobalSection
	GlobalSection(ProjectConfigurationPlatforms) = postSolution
		{35DBB00D-2528-4497-8071-6430F8348174}.Debug|Any CPU.ActiveCfg = Debug|Any CPU
		{35DBB00D-2528-4497-8071-6430F8348174}.Debug|Any CPU.Build.0 = Debug|Any CPU
		{35DBB00D-2528-4497-8071-6430F8348174}.Release|Any CPU.ActiveCfg = Release|Any CPU
		{35DBB00D-2528-4497-8071-6430F8348174}.Release|Any CPU.Build.0 = Release|Any CPU
		{D9EA27D6-4A17-466E-891D-331B7189097E}.Debug|Any CPU.ActiveCfg = Debug|Any CPU
		{D9EA27D6-4A17-466E-891D-331B7189097E}.Debug|Any CPU.Build.0 = Debug|Any CPU
		{D9EA27D6-4A17-466E-891D-331B7189097E}.Release|Any CPU.ActiveCfg = Release|Any CPU
		{D9EA27D6-4A17-466E-891D-331B7189097E}.Release|Any CPU.Build.0 = Release|Any CPU
		{5C85E277-499F-43E6-9BFB-9B560DB15EC8}.Debug|Any CPU.ActiveCfg = Debug|Any CPU
		{5C85E277-499F-43E6-9BFB-9B560DB15EC8}.Debug|Any CPU.Build.0 = Debug|Any CPU
		{5C85E277-499F-43E6-9BFB-9B560DB15EC8}.Release|Any CPU.ActiveCfg = Release|Any CPU
		{5C85E277-499F-43E6-9BFB-9B560DB15EC8}.Release|Any CPU.Build.0 = Release|Any CPU
		{7DB7570D-37E9-41AF-B341-79AFC9DF52D7}.Debug|Any CPU.ActiveCfg = Debug|Any CPU
		{7DB7570D-37E9-41AF-B341-79AFC9DF52D7}.Debug|Any CPU.Build.0 = Debug|Any CPU
		{7DB7570D-37E9-41AF-B341-79AFC9DF52D7}.Release|Any CPU.ActiveCfg = Release|Any CPU
		{7DB7570D-37E9-41AF-B341-79AFC9DF52D7}.Release|Any CPU.Build.0 = Release|Any CPU
		{1DD94646-3A65-4271-8B05-D2C2B3041654}.Debug|Any CPU.ActiveCfg = Debug|Any CPU
		{1DD94646-3A65-4271-8B05-D2C2B3041654}.Debug|Any CPU.Build.0 = Debug|Any CPU
		{1DD94646-3A65-4271-8B05-D2C2B3041654}.Release|Any CPU.ActiveCfg = Release|Any CPU
		{1DD94646-3A65-4271-8B05-D2C2B3041654}.Release|Any CPU.Build.0 = Release|Any CPU
		{B6065314-045E-4E7F-BF42-D6E23C4550EE}.Debug|Any CPU.ActiveCfg = Debug|Any CPU
		{B6065314-045E-4E7F-BF42-D6E23C4550EE}.Debug|Any CPU.Build.0 = Debug|Any CPU
		{B6065314-045E-4E7F-BF42-D6E23C4550EE}.Release|Any CPU.ActiveCfg = Release|Any CPU
		{B6065314-045E-4E7F-BF42-D6E23C4550EE}.Release|Any CPU.Build.0 = Release|Any CPU
		{F6DB516C-89FD-430B-874C-ED7E25482E92}.Debug|Any CPU.ActiveCfg = Debug|Any CPU
		{F6DB516C-89FD-430B-874C-ED7E25482E92}.Debug|Any CPU.Build.0 = Debug|Any CPU
		{F6DB516C-89FD-430B-874C-ED7E25482E92}.Release|Any CPU.ActiveCfg = Release|Any CPU
		{F6DB516C-89FD-430B-874C-ED7E25482E92}.Release|Any CPU.Build.0 = Release|Any CPU
		{605EF85F-E2A7-4F02-90EB-072529144D73}.Debug|Any CPU.ActiveCfg = Debug|Any CPU
		{605EF85F-E2A7-4F02-90EB-072529144D73}.Debug|Any CPU.Build.0 = Debug|Any CPU
		{605EF85F-E2A7-4F02-90EB-072529144D73}.Release|Any CPU.ActiveCfg = Release|Any CPU
		{605EF85F-E2A7-4F02-90EB-072529144D73}.Release|Any CPU.Build.0 = Release|Any CPU
		{3ECDD2D8-4BDD-440F-87F0-B02C760CD7DA}.Debug|Any CPU.ActiveCfg = Debug|Any CPU
		{3ECDD2D8-4BDD-440F-87F0-B02C760CD7DA}.Debug|Any CPU.Build.0 = Debug|Any CPU
		{3ECDD2D8-4BDD-440F-87F0-B02C760CD7DA}.Release|Any CPU.ActiveCfg = Release|Any CPU
		{3ECDD2D8-4BDD-440F-87F0-B02C760CD7DA}.Release|Any CPU.Build.0 = Release|Any CPU
		{19A49FFF-5678-4F3B-A6D0-C24DB0A0ED9D}.Debug|Any CPU.ActiveCfg = Debug|Any CPU
		{19A49FFF-5678-4F3B-A6D0-C24DB0A0ED9D}.Debug|Any CPU.Build.0 = Debug|Any CPU
		{19A49FFF-5678-4F3B-A6D0-C24DB0A0ED9D}.Release|Any CPU.ActiveCfg = Release|Any CPU
		{19A49FFF-5678-4F3B-A6D0-C24DB0A0ED9D}.Release|Any CPU.Build.0 = Release|Any CPU
		{11BD100A-44C5-406A-810C-AB94FF613B45}.Debug|Any CPU.ActiveCfg = Debug|Any CPU
		{11BD100A-44C5-406A-810C-AB94FF613B45}.Debug|Any CPU.Build.0 = Debug|Any CPU
		{11BD100A-44C5-406A-810C-AB94FF613B45}.Release|Any CPU.ActiveCfg = Release|Any CPU
		{11BD100A-44C5-406A-810C-AB94FF613B45}.Release|Any CPU.Build.0 = Release|Any CPU
		{331DACF4-7EE9-4F92-9FBA-F0467518AAC8}.Debug|Any CPU.ActiveCfg = Debug|Any CPU
		{331DACF4-7EE9-4F92-9FBA-F0467518AAC8}.Debug|Any CPU.Build.0 = Debug|Any CPU
		{331DACF4-7EE9-4F92-9FBA-F0467518AAC8}.Release|Any CPU.ActiveCfg = Release|Any CPU
		{331DACF4-7EE9-4F92-9FBA-F0467518AAC8}.Release|Any CPU.Build.0 = Release|Any CPU
		{FA6F4E5D-ECE1-4877-8064-3E685D3BCC7A}.Debug|Any CPU.ActiveCfg = Debug|Any CPU
		{FA6F4E5D-ECE1-4877-8064-3E685D3BCC7A}.Debug|Any CPU.Build.0 = Debug|Any CPU
		{FA6F4E5D-ECE1-4877-8064-3E685D3BCC7A}.Release|Any CPU.ActiveCfg = Release|Any CPU
		{FA6F4E5D-ECE1-4877-8064-3E685D3BCC7A}.Release|Any CPU.Build.0 = Release|Any CPU
		{BC5B23C9-F3EC-47D5-9455-5B5C506CDC24}.Debug|Any CPU.ActiveCfg = Debug|Any CPU
		{BC5B23C9-F3EC-47D5-9455-5B5C506CDC24}.Debug|Any CPU.Build.0 = Debug|Any CPU
		{BC5B23C9-F3EC-47D5-9455-5B5C506CDC24}.Release|Any CPU.ActiveCfg = Release|Any CPU
		{BC5B23C9-F3EC-47D5-9455-5B5C506CDC24}.Release|Any CPU.Build.0 = Release|Any CPU
	EndGlobalSection
	GlobalSection(SolutionProperties) = preSolution
		HideSolutionNode = FALSE
	EndGlobalSection
	GlobalSection(NestedProjects) = preSolution
		{35DBB00D-2528-4497-8071-6430F8348174} = {8063C058-68A8-4700-A6A0-B676C7CF3310}
		{D9EA27D6-4A17-466E-891D-331B7189097E} = {8063C058-68A8-4700-A6A0-B676C7CF3310}
		{5C85E277-499F-43E6-9BFB-9B560DB15EC8} = {26C51A3F-0826-4791-BFE6-32A3DC49AB34}
		{7DB7570D-37E9-41AF-B341-79AFC9DF52D7} = {D7355464-6CA1-4475-ADF7-AA3B30A316A3}
		{1DD94646-3A65-4271-8B05-D2C2B3041654} = {CC1B6233-F76F-4A0A-84F1-26A2FCC6DF2D}
		{B6065314-045E-4E7F-BF42-D6E23C4550EE} = {CC1B6233-F76F-4A0A-84F1-26A2FCC6DF2D}
		{F6DB516C-89FD-430B-874C-ED7E25482E92} = {26C51A3F-0826-4791-BFE6-32A3DC49AB34}
		{605EF85F-E2A7-4F02-90EB-072529144D73} = {26C51A3F-0826-4791-BFE6-32A3DC49AB34}
		{3ECDD2D8-4BDD-440F-87F0-B02C760CD7DA} = {F5563E86-F35D-413F-A733-9284C699F4A8}
		{19A49FFF-5678-4F3B-A6D0-C24DB0A0ED9D} = {522D3DD7-5D3C-4864-882F-F1F35FAC6B2E}
		{11BD100A-44C5-406A-810C-AB94FF613B45} = {26C51A3F-0826-4791-BFE6-32A3DC49AB34}
		{331DACF4-7EE9-4F92-9FBA-F0467518AAC8} = {911CAC9C-F16B-4697-A391-D8618F0A4AE9}
		{FA6F4E5D-ECE1-4877-8064-3E685D3BCC7A} = {911CAC9C-F16B-4697-A391-D8618F0A4AE9}
		{BC5B23C9-F3EC-47D5-9455-5B5C506CDC24} = {911CAC9C-F16B-4697-A391-D8618F0A4AE9}
	EndGlobalSection
EndGlobal
